# generated by rye
# use `rye lock` or `rye sync` to update this lockfile
#
# last locked with the following flags:
#   pre: false
#   features: []
#   all-features: false
#   with-sources: false
#   generate-hashes: false
#   universal: false

-e file:.
aiohttp==3.9.5
    # via slmasr
aiosignal==1.3.1
    # via aiohttp
aliyun-python-sdk-core==2.15.1
    # via aliyun-python-sdk-kms
    # via oss2
aliyun-python-sdk-kms==2.16.3
    # via oss2
annotated-types==0.7.0
    # via pydantic
antlr4-python3-runtime==4.9.3
    # via hydra-core
    # via omegaconf
anyio==4.4.0
    # via httpx
    # via starlette
    # via watchfiles
attrs==23.2.0
    # via aiohttp
audioread==3.0.1
    # via librosa
certifi==2022.12.7
    # via httpcore
    # via httpx
    # via requests
cffi==1.16.0
    # via cryptography
    # via soundfile
charset-normalizer==2.1.1
    # via requests
click==8.1.7
    # via typer
    # via uvicorn
colorama==0.4.6
    # via click
    # via tqdm
    # via uvicorn
crcmod==1.7
    # via oss2
cryptography==42.0.8
    # via aliyun-python-sdk-core
decorator==5.1.1
    # via librosa
dnspython==2.6.1
    # via email-validator
editdistance==0.8.1
    # via funasr
einops==0.8.0
    # via rotary-embedding-torch
email-validator==2.2.0
    # via fastapi
fastapi==0.111.0
    # via slmasr
fastapi-cli==0.0.4
    # via fastapi
ffmpeg-binaries==1.0.0
    # via slmasr
filelock==3.13.1
    # via torch
frozenlist==1.4.1
    # via aiohttp
    # via aiosignal
fsspec==2024.2.0
    # via torch
funasr==1.1.0
    # via slmasr
h11==0.14.0
    # via httpcore
    # via uvicorn
httpcore==1.0.5
    # via httpx
httptools==0.6.1
    # via uvicorn
httpx==0.27.0
    # via fastapi
hydra-core==1.3.2
    # via funasr
idna==3.4
    # via anyio
    # via email-validator
    # via httpx
    # via requests
    # via yarl
intel-openmp==2021.4.0
    # via mkl
jaconv==0.3.4
    # via funasr
jamo==0.4.1
    # via funasr
jieba==0.42.1
    # via funasr
jinja2==3.1.3
    # via fastapi
    # via torch
jmespath==0.10.0
    # via aliyun-python-sdk-core
joblib==1.4.2
    # via librosa
    # via pynndescent
    # via scikit-learn
kaldiio==2.18.0
    # via funasr
lazy-loader==0.4
    # via librosa
librosa==0.10.2.post1
    # via funasr
llvmlite==0.43.0
    # via numba
    # via pynndescent
markdown-it-py==3.0.0
    # via rich
markupsafe==2.1.5
    # via jinja2
mdurl==0.1.2
    # via markdown-it-py
mkl==2021.4.0
    # via torch
modelscope==1.16.0
    # via slmasr
mpmath==1.3.0
    # via sympy
msgpack==1.0.8
    # via librosa
multidict==6.0.5
    # via aiohttp
    # via yarl
networkx==3.2.1
    # via torch
numba==0.60.0
    # via librosa
    # via pynndescent
    # via umap-learn
numpy==1.26.3
    # via kaldiio
    # via librosa
    # via numba
    # via pytorch-wpe
    # via scikit-learn
    # via scipy
    # via soxr
    # via tensorboardx
    # via torch-complex
    # via umap-learn
omegaconf==2.3.0
    # via hydra-core
orjson==3.10.6
    # via fastapi
oss2==2.18.6
    # via funasr
packaging==22.0
    # via hydra-core
    # via lazy-loader
    # via pooch
    # via tensorboardx
    # via torch-complex
patool==2.3.0
    # via ffmpeg-binaries
platformdirs==4.2.2
    # via pooch
pooch==1.8.2
    # via librosa
protobuf==5.27.2
    # via tensorboardx
pycparser==2.22
    # via cffi
pycryptodome==3.20.0
    # via oss2
pydantic==2.8.2
    # via fastapi
    # via slmasr
pydantic-core==2.20.1
    # via pydantic
pygments==2.18.0
    # via rich
pynndescent==0.5.13
    # via umap-learn
python-dotenv==1.0.1
    # via uvicorn
python-multipart==0.0.9
    # via fastapi
    # via slmasr
pytorch-wpe==0.0.1
    # via funasr
pyyaml==6.0.1
    # via funasr
    # via omegaconf
    # via uvicorn
requests==2.28.1
    # via ffmpeg-binaries
    # via funasr
    # via modelscope
    # via oss2
    # via pooch
rich==13.7.1
    # via typer
rotary-embedding-torch==0.6.4
    # via funasr
scikit-learn==1.5.1
    # via librosa
    # via pynndescent
    # via umap-learn
scipy==1.14.0
    # via funasr
    # via librosa
    # via pynndescent
    # via scikit-learn
    # via umap-learn
sentencepiece==0.2.0
    # via funasr
shellingham==1.5.4
    # via typer
six==1.16.0
    # via oss2
sniffio==1.3.1
    # via anyio
    # via httpx
soundfile==0.12.1
    # via funasr
    # via librosa
soxr==0.3.7
    # via librosa
starlette==0.37.2
    # via fastapi
sympy==1.12
    # via torch
tbb==2021.11.0
    # via mkl
tensorboardx==2.6.2.2
    # via funasr
threadpoolctl==3.5.0
    # via scikit-learn
torch==2.3.1+cu121
    # via rotary-embedding-torch
torch-complex==0.4.4
    # via funasr
tqdm==4.64.1
    # via funasr
    # via modelscope
    # via umap-learn
typer==0.12.3
    # via fastapi-cli
typing-extensions==4.9.0
    # via fastapi
    # via librosa
    # via pydantic
    # via pydantic-core
    # via torch
    # via typer
ujson==5.10.0
    # via fastapi
umap-learn==0.5.6
    # via funasr
urllib3==1.26.13
    # via modelscope
    # via requests
uvicorn==0.30.1
    # via fastapi
    # via slmasr
watchfiles==0.22.0
    # via uvicorn
websockets==12.0
    # via uvicorn
yarl==1.9.4
    # via aiohttp
